PODS:
  - Flutter (1.0.0)
  - flutter_stripe_plugin (0.0.1):
    - Flutter

DEPENDENCIES:
  - Flutter (from `.symlinks/flutter/ios`)
  - flutter_stripe_plugin (from `.symlinks/plugins/flutter_stripe_plugin/ios`)

EXTERNAL SOURCES:
  Flutter:
    :path: ".symlinks/flutter/ios"
  flutter_stripe_plugin:
    :path: ".symlinks/plugins/flutter_stripe_plugin/ios"

SPEC CHECKSUMS:
  Flutter: 9d0fac939486c9aba2809b7982dfdbb47a7b0296
  flutter_stripe_plugin: 6d3b5dacb274e5577ff824893e3a9e71bafd8627

PODFILE CHECKSUM: ebd43b443038e611b86ede96e613bd6033c49497

COCOAPODS: 1.5.3
